// !$*UTF8*$!
{
	archiveVersion = 1;
	classes = {
	};
	objectVersion = 50;
	objects = {

/* Begin PBXBuildFile section */
		BF04946824101DFD00BC1C76 /* BlockStatement.swift in Sources */ = {isa = PBXBuildFile; fileRef = BF04946724101DFD00BC1C76 /* BlockStatement.swift */; };
		BF04946B24101EBC00BC1C76 /* Clause.swift in Sources */ = {isa = PBXBuildFile; fileRef = BF04946A24101EBC00BC1C76 /* Clause.swift */; };
		BF04946D24101ED400BC1C76 /* WhenClause.swift in Sources */ = {isa = PBXBuildFile; fileRef = BF04946C24101ED400BC1C76 /* WhenClause.swift */; };
		BF04946F24101EF100BC1C76 /* OtherwiseClause.swift in Sources */ = {isa = PBXBuildFile; fileRef = BF04946E24101EF100BC1C76 /* OtherwiseClause.swift */; };
		BF04947124102F1D00BC1C76 /* BinaryExpression.swift in Sources */ = {isa = PBXBuildFile; fileRef = BF04947024102F1D00BC1C76 /* BinaryExpression.swift */; };
		BF0494732410318400BC1C76 /* UnaryExpression.swift in Sources */ = {isa = PBXBuildFile; fileRef = BF0494722410318400BC1C76 /* UnaryExpression.swift */; };
		BF049475241050D000BC1C76 /* MethodInstance.swift in Sources */ = {isa = PBXBuildFile; fileRef = BF049474241050D000BC1C76 /* MethodInstance.swift */; };
		BF049477241052FC00BC1C76 /* InvocationExpression.swift in Sources */ = {isa = PBXBuildFile; fileRef = BF049476241052FC00BC1C76 /* InvocationExpression.swift */; };
		BF05DC76240BE8D6002E1E30 /* EnumerationCase.swift in Sources */ = {isa = PBXBuildFile; fileRef = BF05DC75240BE8D6002E1E30 /* EnumerationCase.swift */; };
		BF05DC78240BEDE1002E1E30 /* LiteralExpression.swift in Sources */ = {isa = PBXBuildFile; fileRef = BF05DC77240BEDE1002E1E30 /* LiteralExpression.swift */; };
		BF0BF05D2406664E00490BAE /* TokenStream.swift in Sources */ = {isa = PBXBuildFile; fileRef = BF0BF05C2406664D00490BAE /* TokenStream.swift */; };
		BF0BF0602406668900490BAE /* Stack.swift in Sources */ = {isa = PBXBuildFile; fileRef = BF0BF05F2406668900490BAE /* Stack.swift */; };
		BF0BF062240684E300490BAE /* Parser.swift in Sources */ = {isa = PBXBuildFile; fileRef = BF0BF061240684E300490BAE /* Parser.swift */; };
		BF0BF064240685A000490BAE /* Symbol.swift in Sources */ = {isa = PBXBuildFile; fileRef = BF0BF063240685A000490BAE /* Symbol.swift */; };
		BF0BF066240687E600490BAE /* ContainerSymbol.swift in Sources */ = {isa = PBXBuildFile; fileRef = BF0BF065240687E600490BAE /* ContainerSymbol.swift */; };
		BF0BF06A2406993800490BAE /* Package.swift in Sources */ = {isa = PBXBuildFile; fileRef = BF0BF0692406993800490BAE /* Package.swift */; };
		BF0BF06C2406996D00490BAE /* Class.swift in Sources */ = {isa = PBXBuildFile; fileRef = BF0BF06B2406996D00490BAE /* Class.swift */; };
		BF0BF06E24069A1A00490BAE /* Slot.swift in Sources */ = {isa = PBXBuildFile; fileRef = BF0BF06D24069A1A00490BAE /* Slot.swift */; };
		BF0BF07024069A6800490BAE /* VirtualSlot.swift in Sources */ = {isa = PBXBuildFile; fileRef = BF0BF06F24069A6800490BAE /* VirtualSlot.swift */; };
		BF0BF07224069ACE00490BAE /* Block.swift in Sources */ = {isa = PBXBuildFile; fileRef = BF0BF07124069ACE00490BAE /* Block.swift */; };
		BF0BF07424069B4D00490BAE /* VirtualSlotBlock.swift in Sources */ = {isa = PBXBuildFile; fileRef = BF0BF07324069B4D00490BAE /* VirtualSlotBlock.swift */; };
		BF0BF07624069C1500490BAE /* Closure.swift in Sources */ = {isa = PBXBuildFile; fileRef = BF0BF07524069C1500490BAE /* Closure.swift */; };
		BF0BF07824069CED00490BAE /* VirtualSlotReadBlock.swift in Sources */ = {isa = PBXBuildFile; fileRef = BF0BF07724069CED00490BAE /* VirtualSlotReadBlock.swift */; };
		BF0BF07A24069D0B00490BAE /* VirtualSlotWriteBlock.swift in Sources */ = {isa = PBXBuildFile; fileRef = BF0BF07924069D0B00490BAE /* VirtualSlotWriteBlock.swift */; };
		BF0BF07C24069DCC00490BAE /* ParseNode.swift in Sources */ = {isa = PBXBuildFile; fileRef = BF0BF07B24069DCC00490BAE /* ParseNode.swift */; };
		BF0BF07E24069DF500490BAE /* Statement.swift in Sources */ = {isa = PBXBuildFile; fileRef = BF0BF07D24069DF500490BAE /* Statement.swift */; };
		BF6F3A59240981F000F0C3D4 /* Macro.swift in Sources */ = {isa = PBXBuildFile; fileRef = BF6F3A58240981F000F0C3D4 /* Macro.swift */; };
		BF6F3A5B240982C200F0C3D4 /* LocalScope.swift in Sources */ = {isa = PBXBuildFile; fileRef = BF6F3A5A240982C200F0C3D4 /* LocalScope.swift */; };
		BF6F3A5D240999D500F0C3D4 /* Directive.swift in Sources */ = {isa = PBXBuildFile; fileRef = BF6F3A5C240999D500F0C3D4 /* Directive.swift */; };
		BF6F3A5F2409AA1200F0C3D4 /* CobaltPackage.swift in Sources */ = {isa = PBXBuildFile; fileRef = BF6F3A5E2409AA1200F0C3D4 /* CobaltPackage.swift */; };
		BF6F3A612409AFD400F0C3D4 /* SourceReference.swift in Sources */ = {isa = PBXBuildFile; fileRef = BF6F3A602409AFD400F0C3D4 /* SourceReference.swift */; };
		BF6F3A632409C00200F0C3D4 /* ConstantSlot.swift in Sources */ = {isa = PBXBuildFile; fileRef = BF6F3A622409C00200F0C3D4 /* ConstantSlot.swift */; };
		BF6F3A652409CADD00F0C3D4 /* Expression.swift in Sources */ = {isa = PBXBuildFile; fileRef = BF6F3A642409CADD00F0C3D4 /* Expression.swift */; };
		BF6F3A67240AF3F400F0C3D4 /* Parameter.swift in Sources */ = {isa = PBXBuildFile; fileRef = BF6F3A66240AF3F400F0C3D4 /* Parameter.swift */; };
		BF737C512411A1C700A9D28C /* ArrayClass.swift in Sources */ = {isa = PBXBuildFile; fileRef = BF737C502411A1C700A9D28C /* ArrayClass.swift */; };
		BF737C532411B62800A9D28C /* SetClass.swift in Sources */ = {isa = PBXBuildFile; fileRef = BF737C522411B62800A9D28C /* SetClass.swift */; };
		BF737C552411B6B800A9D28C /* ListClass.swift in Sources */ = {isa = PBXBuildFile; fileRef = BF737C542411B6B800A9D28C /* ListClass.swift */; };
		BF737C572411B6F000A9D28C /* DictionaryClass.swift in Sources */ = {isa = PBXBuildFile; fileRef = BF737C562411B6F000A9D28C /* DictionaryClass.swift */; };
		BF737C592411B71D00A9D28C /* BitSetClass.swift in Sources */ = {isa = PBXBuildFile; fileRef = BF737C582411B71D00A9D28C /* BitSetClass.swift */; };
		BF8FCB23240C351A00932F20 /* Array+Extensions.swift in Sources */ = {isa = PBXBuildFile; fileRef = BF8FCB22240C351A00932F20 /* Array+Extensions.swift */; };
		BF8FCB25240C3C8300932F20 /* GenericClass.swift in Sources */ = {isa = PBXBuildFile; fileRef = BF8FCB24240C3C8300932F20 /* GenericClass.swift */; };
		BF9A4E702405986E000DF374 /* AppDelegate.swift in Sources */ = {isa = PBXBuildFile; fileRef = BF9A4E6F2405986E000DF374 /* AppDelegate.swift */; };
		BF9A4E722405986E000DF374 /* Document.swift in Sources */ = {isa = PBXBuildFile; fileRef = BF9A4E712405986E000DF374 /* Document.swift */; };
		BF9A4E742405986E000DF374 /* ContentView.swift in Sources */ = {isa = PBXBuildFile; fileRef = BF9A4E732405986E000DF374 /* ContentView.swift */; };
		BF9A4E7624059870000DF374 /* Assets.xcassets in Resources */ = {isa = PBXBuildFile; fileRef = BF9A4E7524059870000DF374 /* Assets.xcassets */; };
		BF9A4E7924059870000DF374 /* Preview Assets.xcassets in Resources */ = {isa = PBXBuildFile; fileRef = BF9A4E7824059870000DF374 /* Preview Assets.xcassets */; };
		BF9A4E7C24059870000DF374 /* Main.storyboard in Resources */ = {isa = PBXBuildFile; fileRef = BF9A4E7A24059870000DF374 /* Main.storyboard */; };
		BF9A4E8624059929000DF374 /* Token.swift in Sources */ = {isa = PBXBuildFile; fileRef = BF9A4E8524059929000DF374 /* Token.swift */; };
		BF9A4E882405996D000DF374 /* SourceLocation.swift in Sources */ = {isa = PBXBuildFile; fileRef = BF9A4E872405996D000DF374 /* SourceLocation.swift */; };
		BF9A4E932405C13D000DF374 /* ValueBox.swift in Sources */ = {isa = PBXBuildFile; fileRef = BF9A4E922405C13D000DF374 /* ValueBox.swift */; };
		BF9A4E952405C17C000DF374 /* Cobalt.swift in Sources */ = {isa = PBXBuildFile; fileRef = BF9A4E942405C17C000DF374 /* Cobalt.swift */; };
		BFA276B9240ECE9C001DAACE /* NilExpression.swift in Sources */ = {isa = PBXBuildFile; fileRef = BFA276B8240ECE9C001DAACE /* NilExpression.swift */; };
		BFA276BB240EEBB7001DAACE /* Tuple.swift in Sources */ = {isa = PBXBuildFile; fileRef = BFA276BA240EEBB7001DAACE /* Tuple.swift */; };
		BFD7165D2406E16300BE4A4F /* Scope.swift in Sources */ = {isa = PBXBuildFile; fileRef = BFD7165C2406E16300BE4A4F /* Scope.swift */; };
		BFD7165F2406FE2900BE4A4F /* ValueClass.swift in Sources */ = {isa = PBXBuildFile; fileRef = BFD7165E2406FE2900BE4A4F /* ValueClass.swift */; };
		BFD7166324070C7000BE4A4F /* Parsing.swift in Sources */ = {isa = PBXBuildFile; fileRef = BFD7166224070C7000BE4A4F /* Parsing.swift */; };
		BFD716652407122F00BE4A4F /* CompilerError.swift in Sources */ = {isa = PBXBuildFile; fileRef = BFD716642407122F00BE4A4F /* CompilerError.swift */; };
		BFD716672407287F00BE4A4F /* AccessModifier.swift in Sources */ = {isa = PBXBuildFile; fileRef = BFD716662407287F00BE4A4F /* AccessModifier.swift */; };
		BFD7166924072BBB00BE4A4F /* Method.swift in Sources */ = {isa = PBXBuildFile; fileRef = BFD7166824072BBB00BE4A4F /* Method.swift */; };
		BFD7166B24072BD500BE4A4F /* Variable.swift in Sources */ = {isa = PBXBuildFile; fileRef = BFD7166A24072BD500BE4A4F /* Variable.swift */; };
		BFD7166D24072BF000BE4A4F /* Constant.swift in Sources */ = {isa = PBXBuildFile; fileRef = BFD7166C24072BF000BE4A4F /* Constant.swift */; };
		BFD7166F24072CB000BE4A4F /* Enumeration.swift in Sources */ = {isa = PBXBuildFile; fileRef = BFD7166E24072CB000BE4A4F /* Enumeration.swift */; };
		BFD7167124072CDF00BE4A4F /* Alias.swift in Sources */ = {isa = PBXBuildFile; fileRef = BFD7167024072CDF00BE4A4F /* Alias.swift */; };
		BFD7167324072F2600BE4A4F /* GenericParameter.swift in Sources */ = {isa = PBXBuildFile; fileRef = BFD7167224072F2600BE4A4F /* GenericParameter.swift */; };
		BFD7167524083DB500BE4A4F /* Sample.cobalt in Resources */ = {isa = PBXBuildFile; fileRef = BFD7167424083DB500BE4A4F /* Sample.cobalt */; };
		BFDDD86D240F9EF900604A58 /* Argument.swift in Sources */ = {isa = PBXBuildFile; fileRef = BFDDD86C240F9EF900604A58 /* Argument.swift */; };
		BFDDD86F240FA08900604A58 /* ClosureValueExpression.swift in Sources */ = {isa = PBXBuildFile; fileRef = BFDDD86E240FA08900604A58 /* ClosureValueExpression.swift */; };
		BFDDD871240FAAA700604A58 /* WhileStatement.swift in Sources */ = {isa = PBXBuildFile; fileRef = BFDDD870240FAAA700604A58 /* WhileStatement.swift */; };
		BFDDD873240FAAF900604A58 /* ReturnStatement.swift in Sources */ = {isa = PBXBuildFile; fileRef = BFDDD872240FAAF900604A58 /* ReturnStatement.swift */; };
		BFDDD875240FAB1700604A58 /* ForStatement.swift in Sources */ = {isa = PBXBuildFile; fileRef = BFDDD874240FAB1700604A58 /* ForStatement.swift */; };
		BFDDD877240FAB3600604A58 /* SelectStatement.swift in Sources */ = {isa = PBXBuildFile; fileRef = BFDDD876240FAB3600604A58 /* SelectStatement.swift */; };
		BFDDD879240FAB5400604A58 /* DoStatement.swift in Sources */ = {isa = PBXBuildFile; fileRef = BFDDD878240FAB5400604A58 /* DoStatement.swift */; };
		BFDDD87B240FAB7800604A58 /* TimesStatement.swift in Sources */ = {isa = PBXBuildFile; fileRef = BFDDD87A240FAB7800604A58 /* TimesStatement.swift */; };
		BFDDD87D240FAB9600604A58 /* IfStatement.swift in Sources */ = {isa = PBXBuildFile; fileRef = BFDDD87C240FAB9600604A58 /* IfStatement.swift */; };
		BFDDD87F240FABD000604A58 /* SignalStatement.swift in Sources */ = {isa = PBXBuildFile; fileRef = BFDDD87E240FABD000604A58 /* SignalStatement.swift */; };
		BFDDD881240FABF300604A58 /* HandlerStatement.swift in Sources */ = {isa = PBXBuildFile; fileRef = BFDDD880240FABF300604A58 /* HandlerStatement.swift */; };
		BFDDD883240FAC5D00604A58 /* RunStatement.swift in Sources */ = {isa = PBXBuildFile; fileRef = BFDDD882240FAC5D00604A58 /* RunStatement.swift */; };
		BFE923AF240D48FD001354CB /* Name.swift in Sources */ = {isa = PBXBuildFile; fileRef = BFE923AE240D48FD001354CB /* Name.swift */; };
		BFE923B7240DA55C001354CB /* PseudoVariable.swift in Sources */ = {isa = PBXBuildFile; fileRef = BFE923B6240DA55C001354CB /* PseudoVariable.swift */; };
		BFE923B9240DB9DE001354CB /* ConstantValueExpression.swift in Sources */ = {isa = PBXBuildFile; fileRef = BFE923B8240DB9DE001354CB /* ConstantValueExpression.swift */; };
		BFE923BB240DC102001354CB /* ValueExpression.swift in Sources */ = {isa = PBXBuildFile; fileRef = BFE923BA240DC102001354CB /* ValueExpression.swift */; };
		BFE923BD240DC307001354CB /* SymbolValueExpression.swift in Sources */ = {isa = PBXBuildFile; fileRef = BFE923BC240DC307001354CB /* SymbolValueExpression.swift */; };
/* End PBXBuildFile section */

/* Begin PBXFileReference section */
		BF04946724101DFD00BC1C76 /* BlockStatement.swift */ = {isa = PBXFileReference; lastKnownFileType = sourcecode.swift; path = BlockStatement.swift; sourceTree = "<group>"; };
		BF04946A24101EBC00BC1C76 /* Clause.swift */ = {isa = PBXFileReference; lastKnownFileType = sourcecode.swift; path = Clause.swift; sourceTree = "<group>"; };
		BF04946C24101ED400BC1C76 /* WhenClause.swift */ = {isa = PBXFileReference; lastKnownFileType = sourcecode.swift; path = WhenClause.swift; sourceTree = "<group>"; };
		BF04946E24101EF100BC1C76 /* OtherwiseClause.swift */ = {isa = PBXFileReference; lastKnownFileType = sourcecode.swift; path = OtherwiseClause.swift; sourceTree = "<group>"; };
		BF04947024102F1D00BC1C76 /* BinaryExpression.swift */ = {isa = PBXFileReference; lastKnownFileType = sourcecode.swift; path = BinaryExpression.swift; sourceTree = "<group>"; };
		BF0494722410318400BC1C76 /* UnaryExpression.swift */ = {isa = PBXFileReference; lastKnownFileType = sourcecode.swift; path = UnaryExpression.swift; sourceTree = "<group>"; };
		BF049474241050D000BC1C76 /* MethodInstance.swift */ = {isa = PBXFileReference; lastKnownFileType = sourcecode.swift; path = MethodInstance.swift; sourceTree = "<group>"; };
		BF049476241052FC00BC1C76 /* InvocationExpression.swift */ = {isa = PBXFileReference; lastKnownFileType = sourcecode.swift; path = InvocationExpression.swift; sourceTree = "<group>"; };
		BF05DC75240BE8D6002E1E30 /* EnumerationCase.swift */ = {isa = PBXFileReference; lastKnownFileType = sourcecode.swift; path = EnumerationCase.swift; sourceTree = "<group>"; };
		BF05DC77240BEDE1002E1E30 /* LiteralExpression.swift */ = {isa = PBXFileReference; lastKnownFileType = sourcecode.swift; path = LiteralExpression.swift; sourceTree = "<group>"; };
		BF0BF05C2406664D00490BAE /* TokenStream.swift */ = {isa = PBXFileReference; fileEncoding = 4; lastKnownFileType = sourcecode.swift; path = TokenStream.swift; sourceTree = "<group>"; };
		BF0BF05F2406668900490BAE /* Stack.swift */ = {isa = PBXFileReference; fileEncoding = 4; lastKnownFileType = sourcecode.swift; path = Stack.swift; sourceTree = "<group>"; };
		BF0BF061240684E300490BAE /* Parser.swift */ = {isa = PBXFileReference; lastKnownFileType = sourcecode.swift; path = Parser.swift; sourceTree = "<group>"; };
		BF0BF063240685A000490BAE /* Symbol.swift */ = {isa = PBXFileReference; lastKnownFileType = sourcecode.swift; path = Symbol.swift; sourceTree = "<group>"; };
		BF0BF065240687E600490BAE /* ContainerSymbol.swift */ = {isa = PBXFileReference; lastKnownFileType = sourcecode.swift; path = ContainerSymbol.swift; sourceTree = "<group>"; };
		BF0BF0692406993800490BAE /* Package.swift */ = {isa = PBXFileReference; lastKnownFileType = sourcecode.swift; path = Package.swift; sourceTree = "<group>"; };
		BF0BF06B2406996D00490BAE /* Class.swift */ = {isa = PBXFileReference; lastKnownFileType = sourcecode.swift; path = Class.swift; sourceTree = "<group>"; };
		BF0BF06D24069A1A00490BAE /* Slot.swift */ = {isa = PBXFileReference; lastKnownFileType = sourcecode.swift; path = Slot.swift; sourceTree = "<group>"; };
		BF0BF06F24069A6800490BAE /* VirtualSlot.swift */ = {isa = PBXFileReference; lastKnownFileType = sourcecode.swift; path = VirtualSlot.swift; sourceTree = "<group>"; };
		BF0BF07124069ACE00490BAE /* Block.swift */ = {isa = PBXFileReference; lastKnownFileType = sourcecode.swift; path = Block.swift; sourceTree = "<group>"; };
		BF0BF07324069B4D00490BAE /* VirtualSlotBlock.swift */ = {isa = PBXFileReference; lastKnownFileType = sourcecode.swift; path = VirtualSlotBlock.swift; sourceTree = "<group>"; };
		BF0BF07524069C1500490BAE /* Closure.swift */ = {isa = PBXFileReference; lastKnownFileType = sourcecode.swift; path = Closure.swift; sourceTree = "<group>"; };
		BF0BF07724069CED00490BAE /* VirtualSlotReadBlock.swift */ = {isa = PBXFileReference; lastKnownFileType = sourcecode.swift; path = VirtualSlotReadBlock.swift; sourceTree = "<group>"; };
		BF0BF07924069D0B00490BAE /* VirtualSlotWriteBlock.swift */ = {isa = PBXFileReference; lastKnownFileType = sourcecode.swift; path = VirtualSlotWriteBlock.swift; sourceTree = "<group>"; };
		BF0BF07B24069DCC00490BAE /* ParseNode.swift */ = {isa = PBXFileReference; lastKnownFileType = sourcecode.swift; path = ParseNode.swift; sourceTree = "<group>"; };
		BF0BF07D24069DF500490BAE /* Statement.swift */ = {isa = PBXFileReference; lastKnownFileType = sourcecode.swift; path = Statement.swift; sourceTree = "<group>"; };
		BF6F3A58240981F000F0C3D4 /* Macro.swift */ = {isa = PBXFileReference; lastKnownFileType = sourcecode.swift; path = Macro.swift; sourceTree = "<group>"; };
		BF6F3A5A240982C200F0C3D4 /* LocalScope.swift */ = {isa = PBXFileReference; lastKnownFileType = sourcecode.swift; path = LocalScope.swift; sourceTree = "<group>"; };
		BF6F3A5C240999D500F0C3D4 /* Directive.swift */ = {isa = PBXFileReference; lastKnownFileType = sourcecode.swift; path = Directive.swift; sourceTree = "<group>"; };
		BF6F3A5E2409AA1200F0C3D4 /* CobaltPackage.swift */ = {isa = PBXFileReference; lastKnownFileType = sourcecode.swift; path = CobaltPackage.swift; sourceTree = "<group>"; };
		BF6F3A602409AFD400F0C3D4 /* SourceReference.swift */ = {isa = PBXFileReference; lastKnownFileType = sourcecode.swift; path = SourceReference.swift; sourceTree = "<group>"; };
		BF6F3A622409C00200F0C3D4 /* ConstantSlot.swift */ = {isa = PBXFileReference; lastKnownFileType = sourcecode.swift; path = ConstantSlot.swift; sourceTree = "<group>"; };
		BF6F3A642409CADD00F0C3D4 /* Expression.swift */ = {isa = PBXFileReference; lastKnownFileType = sourcecode.swift; path = Expression.swift; sourceTree = "<group>"; };
		BF6F3A66240AF3F400F0C3D4 /* Parameter.swift */ = {isa = PBXFileReference; lastKnownFileType = sourcecode.swift; path = Parameter.swift; sourceTree = "<group>"; };
		BF737C502411A1C700A9D28C /* ArrayClass.swift */ = {isa = PBXFileReference; lastKnownFileType = sourcecode.swift; path = ArrayClass.swift; sourceTree = "<group>"; };
		BF737C522411B62800A9D28C /* SetClass.swift */ = {isa = PBXFileReference; lastKnownFileType = sourcecode.swift; path = SetClass.swift; sourceTree = "<group>"; };
		BF737C542411B6B800A9D28C /* ListClass.swift */ = {isa = PBXFileReference; lastKnownFileType = sourcecode.swift; path = ListClass.swift; sourceTree = "<group>"; };
		BF737C562411B6F000A9D28C /* DictionaryClass.swift */ = {isa = PBXFileReference; lastKnownFileType = sourcecode.swift; path = DictionaryClass.swift; sourceTree = "<group>"; };
		BF737C582411B71D00A9D28C /* BitSetClass.swift */ = {isa = PBXFileReference; lastKnownFileType = sourcecode.swift; path = BitSetClass.swift; sourceTree = "<group>"; };
		BF8FCB22240C351A00932F20 /* Array+Extensions.swift */ = {isa = PBXFileReference; lastKnownFileType = sourcecode.swift; path = "Array+Extensions.swift"; sourceTree = "<group>"; };
		BF8FCB24240C3C8300932F20 /* GenericClass.swift */ = {isa = PBXFileReference; lastKnownFileType = sourcecode.swift; path = GenericClass.swift; sourceTree = "<group>"; };
		BF9A4E6C2405986E000DF374 /* CobaltX.app */ = {isa = PBXFileReference; explicitFileType = wrapper.application; includeInIndex = 0; path = CobaltX.app; sourceTree = BUILT_PRODUCTS_DIR; };
		BF9A4E6F2405986E000DF374 /* AppDelegate.swift */ = {isa = PBXFileReference; lastKnownFileType = sourcecode.swift; path = AppDelegate.swift; sourceTree = "<group>"; };
		BF9A4E712405986E000DF374 /* Document.swift */ = {isa = PBXFileReference; lastKnownFileType = sourcecode.swift; path = Document.swift; sourceTree = "<group>"; };
		BF9A4E732405986E000DF374 /* ContentView.swift */ = {isa = PBXFileReference; lastKnownFileType = sourcecode.swift; path = ContentView.swift; sourceTree = "<group>"; };
		BF9A4E7524059870000DF374 /* Assets.xcassets */ = {isa = PBXFileReference; lastKnownFileType = folder.assetcatalog; path = Assets.xcassets; sourceTree = "<group>"; };
		BF9A4E7824059870000DF374 /* Preview Assets.xcassets */ = {isa = PBXFileReference; lastKnownFileType = folder.assetcatalog; path = "Preview Assets.xcassets"; sourceTree = "<group>"; };
		BF9A4E7B24059870000DF374 /* Base */ = {isa = PBXFileReference; lastKnownFileType = file.storyboard; name = Base; path = Base.lproj/Main.storyboard; sourceTree = "<group>"; };
		BF9A4E7D24059870000DF374 /* Info.plist */ = {isa = PBXFileReference; lastKnownFileType = text.plist.xml; path = Info.plist; sourceTree = "<group>"; };
		BF9A4E7E24059870000DF374 /* CobaltX.entitlements */ = {isa = PBXFileReference; lastKnownFileType = text.plist.entitlements; path = CobaltX.entitlements; sourceTree = "<group>"; };
		BF9A4E8524059929000DF374 /* Token.swift */ = {isa = PBXFileReference; fileEncoding = 4; lastKnownFileType = sourcecode.swift; path = Token.swift; sourceTree = "<group>"; };
		BF9A4E872405996D000DF374 /* SourceLocation.swift */ = {isa = PBXFileReference; fileEncoding = 4; lastKnownFileType = sourcecode.swift; path = SourceLocation.swift; sourceTree = "<group>"; };
		BF9A4E922405C13D000DF374 /* ValueBox.swift */ = {isa = PBXFileReference; lastKnownFileType = sourcecode.swift; path = ValueBox.swift; sourceTree = "<group>"; };
		BF9A4E942405C17C000DF374 /* Cobalt.swift */ = {isa = PBXFileReference; lastKnownFileType = sourcecode.swift; path = Cobalt.swift; sourceTree = "<group>"; };
		BFA276B8240ECE9C001DAACE /* NilExpression.swift */ = {isa = PBXFileReference; lastKnownFileType = sourcecode.swift; path = NilExpression.swift; sourceTree = "<group>"; };
		BFA276BA240EEBB7001DAACE /* Tuple.swift */ = {isa = PBXFileReference; lastKnownFileType = sourcecode.swift; path = Tuple.swift; sourceTree = "<group>"; };
		BFD7165C2406E16300BE4A4F /* Scope.swift */ = {isa = PBXFileReference; lastKnownFileType = sourcecode.swift; path = Scope.swift; sourceTree = "<group>"; };
		BFD7165E2406FE2900BE4A4F /* ValueClass.swift */ = {isa = PBXFileReference; lastKnownFileType = sourcecode.swift; path = ValueClass.swift; sourceTree = "<group>"; };
		BFD7166224070C7000BE4A4F /* Parsing.swift */ = {isa = PBXFileReference; lastKnownFileType = sourcecode.swift; path = Parsing.swift; sourceTree = "<group>"; };
		BFD716642407122F00BE4A4F /* CompilerError.swift */ = {isa = PBXFileReference; lastKnownFileType = sourcecode.swift; path = CompilerError.swift; sourceTree = "<group>"; };
		BFD716662407287F00BE4A4F /* AccessModifier.swift */ = {isa = PBXFileReference; lastKnownFileType = sourcecode.swift; path = AccessModifier.swift; sourceTree = "<group>"; };
		BFD7166824072BBB00BE4A4F /* Method.swift */ = {isa = PBXFileReference; lastKnownFileType = sourcecode.swift; path = Method.swift; sourceTree = "<group>"; };
		BFD7166A24072BD500BE4A4F /* Variable.swift */ = {isa = PBXFileReference; lastKnownFileType = sourcecode.swift; path = Variable.swift; sourceTree = "<group>"; };
		BFD7166C24072BF000BE4A4F /* Constant.swift */ = {isa = PBXFileReference; lastKnownFileType = sourcecode.swift; path = Constant.swift; sourceTree = "<group>"; };
		BFD7166E24072CB000BE4A4F /* Enumeration.swift */ = {isa = PBXFileReference; lastKnownFileType = sourcecode.swift; path = Enumeration.swift; sourceTree = "<group>"; };
		BFD7167024072CDF00BE4A4F /* Alias.swift */ = {isa = PBXFileReference; lastKnownFileType = sourcecode.swift; path = Alias.swift; sourceTree = "<group>"; };
		BFD7167224072F2600BE4A4F /* GenericParameter.swift */ = {isa = PBXFileReference; lastKnownFileType = sourcecode.swift; path = GenericParameter.swift; sourceTree = "<group>"; };
		BFD7167424083DB500BE4A4F /* Sample.cobalt */ = {isa = PBXFileReference; lastKnownFileType = text; path = Sample.cobalt; sourceTree = "<group>"; };
		BFDDD86C240F9EF900604A58 /* Argument.swift */ = {isa = PBXFileReference; lastKnownFileType = sourcecode.swift; path = Argument.swift; sourceTree = "<group>"; };
		BFDDD86E240FA08900604A58 /* ClosureValueExpression.swift */ = {isa = PBXFileReference; lastKnownFileType = sourcecode.swift; path = ClosureValueExpression.swift; sourceTree = "<group>"; };
		BFDDD870240FAAA700604A58 /* WhileStatement.swift */ = {isa = PBXFileReference; lastKnownFileType = sourcecode.swift; path = WhileStatement.swift; sourceTree = "<group>"; };
		BFDDD872240FAAF900604A58 /* ReturnStatement.swift */ = {isa = PBXFileReference; lastKnownFileType = sourcecode.swift; path = ReturnStatement.swift; sourceTree = "<group>"; };
		BFDDD874240FAB1700604A58 /* ForStatement.swift */ = {isa = PBXFileReference; lastKnownFileType = sourcecode.swift; path = ForStatement.swift; sourceTree = "<group>"; };
		BFDDD876240FAB3600604A58 /* SelectStatement.swift */ = {isa = PBXFileReference; lastKnownFileType = sourcecode.swift; path = SelectStatement.swift; sourceTree = "<group>"; };
		BFDDD878240FAB5400604A58 /* DoStatement.swift */ = {isa = PBXFileReference; lastKnownFileType = sourcecode.swift; path = DoStatement.swift; sourceTree = "<group>"; };
		BFDDD87A240FAB7800604A58 /* TimesStatement.swift */ = {isa = PBXFileReference; lastKnownFileType = sourcecode.swift; path = TimesStatement.swift; sourceTree = "<group>"; };
		BFDDD87C240FAB9600604A58 /* IfStatement.swift */ = {isa = PBXFileReference; lastKnownFileType = sourcecode.swift; path = IfStatement.swift; sourceTree = "<group>"; };
		BFDDD87E240FABD000604A58 /* SignalStatement.swift */ = {isa = PBXFileReference; lastKnownFileType = sourcecode.swift; path = SignalStatement.swift; sourceTree = "<group>"; };
		BFDDD880240FABF300604A58 /* HandlerStatement.swift */ = {isa = PBXFileReference; lastKnownFileType = sourcecode.swift; path = HandlerStatement.swift; sourceTree = "<group>"; };
		BFDDD882240FAC5D00604A58 /* RunStatement.swift */ = {isa = PBXFileReference; lastKnownFileType = sourcecode.swift; path = RunStatement.swift; sourceTree = "<group>"; };
		BFE923AE240D48FD001354CB /* Name.swift */ = {isa = PBXFileReference; lastKnownFileType = sourcecode.swift; path = Name.swift; sourceTree = "<group>"; };
		BFE923B6240DA55C001354CB /* PseudoVariable.swift */ = {isa = PBXFileReference; lastKnownFileType = sourcecode.swift; path = PseudoVariable.swift; sourceTree = "<group>"; };
		BFE923B8240DB9DE001354CB /* ConstantValueExpression.swift */ = {isa = PBXFileReference; lastKnownFileType = sourcecode.swift; path = ConstantValueExpression.swift; sourceTree = "<group>"; };
		BFE923BA240DC102001354CB /* ValueExpression.swift */ = {isa = PBXFileReference; lastKnownFileType = sourcecode.swift; path = ValueExpression.swift; sourceTree = "<group>"; };
		BFE923BC240DC307001354CB /* SymbolValueExpression.swift */ = {isa = PBXFileReference; lastKnownFileType = sourcecode.swift; path = SymbolValueExpression.swift; sourceTree = "<group>"; };
/* End PBXFileReference section */

/* Begin PBXFrameworksBuildPhase section */
		BF9A4E692405986E000DF374 /* Frameworks */ = {
			isa = PBXFrameworksBuildPhase;
			buildActionMask = 2147483647;
			files = (
			);
			runOnlyForDeploymentPostprocessing = 0;
		};
/* End PBXFrameworksBuildPhase section */

/* Begin PBXGroup section */
		BF04946924101EAA00BC1C76 /* Clauses */ = {
			isa = PBXGroup;
			children = (
				BF04946A24101EBC00BC1C76 /* Clause.swift */,
				BF04946C24101ED400BC1C76 /* WhenClause.swift */,
				BF04946E24101EF100BC1C76 /* OtherwiseClause.swift */,
			);
			path = Clauses;
			sourceTree = "<group>";
		};
		BF0BF05E2406666700490BAE /* Support Classes */ = {
			isa = PBXGroup;
			children = (
				BF0BF05F2406668900490BAE /* Stack.swift */,
				BFD716642407122F00BE4A4F /* CompilerError.swift */,
				BF6F3A602409AFD400F0C3D4 /* SourceReference.swift */,
				BFE923AE240D48FD001354CB /* Name.swift */,
			);
			path = "Support Classes";
			sourceTree = "<group>";
		};
		BF8FCB21240C34F700932F20 /* System Extensions */ = {
			isa = PBXGroup;
			children = (
				BF8FCB22240C351A00932F20 /* Array+Extensions.swift */,
			);
			path = "System Extensions";
			sourceTree = "<group>";
		};
		BF9A4E632405986E000DF374 = {
			isa = PBXGroup;
			children = (
				BFD7167424083DB500BE4A4F /* Sample.cobalt */,
				BF9A4E6E2405986E000DF374 /* CobaltX */,
				BF9A4E6D2405986E000DF374 /* Products */,
			);
			sourceTree = "<group>";
		};
		BF9A4E6D2405986E000DF374 /* Products */ = {
			isa = PBXGroup;
			children = (
				BF9A4E6C2405986E000DF374 /* CobaltX.app */,
			);
			name = Products;
			sourceTree = "<group>";
		};
		BF9A4E6E2405986E000DF374 /* CobaltX */ = {
			isa = PBXGroup;
			children = (
				BF8FCB21240C34F700932F20 /* System Extensions */,
				BF9A4E942405C17C000DF374 /* Cobalt.swift */,
				BF0BF05E2406666700490BAE /* Support Classes */,
				BF9A4E8B2405B30E000DF374 /* Parsing */,
				BF9A4E84240598E4000DF374 /* Lexical Analysis */,
				BF9A4E6F2405986E000DF374 /* AppDelegate.swift */,
				BF9A4E712405986E000DF374 /* Document.swift */,
				BF9A4E732405986E000DF374 /* ContentView.swift */,
				BF9A4E7524059870000DF374 /* Assets.xcassets */,
				BF9A4E7A24059870000DF374 /* Main.storyboard */,
				BF9A4E7D24059870000DF374 /* Info.plist */,
				BF9A4E7E24059870000DF374 /* CobaltX.entitlements */,
				BF9A4E7724059870000DF374 /* Preview Content */,
			);
			path = CobaltX;
			sourceTree = "<group>";
		};
		BF9A4E7724059870000DF374 /* Preview Content */ = {
			isa = PBXGroup;
			children = (
				BF9A4E7824059870000DF374 /* Preview Assets.xcassets */,
			);
			path = "Preview Content";
			sourceTree = "<group>";
		};
		BF9A4E84240598E4000DF374 /* Lexical Analysis */ = {
			isa = PBXGroup;
			children = (
				BF0BF05C2406664D00490BAE /* TokenStream.swift */,
				BF9A4E8524059929000DF374 /* Token.swift */,
				BF9A4E872405996D000DF374 /* SourceLocation.swift */,
			);
			path = "Lexical Analysis";
			sourceTree = "<group>";
		};
		BF9A4E8B2405B30E000DF374 /* Parsing */ = {
			isa = PBXGroup;
			children = (
				BFE923B1240DA2DF001354CB /* Blocks */,
				BFE923B5240DA344001354CB /* Expressions */,
				BFE923B2240DA2FD001354CB /* Miscellaneous */,
				BFE923B4240DA334001354CB /* Scopes */,
				BFE923B3240DA318001354CB /* Statements */,
				BFE923B0240DA2C7001354CB /* Symbols */,
			);
			path = Parsing;
			sourceTree = "<group>";
		};
		BFE923B0240DA2C7001354CB /* Symbols */ = {
			isa = PBXGroup;
			children = (
				BFD7167024072CDF00BE4A4F /* Alias.swift */,
				BF737C502411A1C700A9D28C /* ArrayClass.swift */,
				BF737C582411B71D00A9D28C /* BitSetClass.swift */,
				BF0BF06B2406996D00490BAE /* Class.swift */,
				BF6F3A5E2409AA1200F0C3D4 /* CobaltPackage.swift */,
				BFD7166C24072BF000BE4A4F /* Constant.swift */,
				BF6F3A622409C00200F0C3D4 /* ConstantSlot.swift */,
				BF0BF065240687E600490BAE /* ContainerSymbol.swift */,
				BF737C562411B6F000A9D28C /* DictionaryClass.swift */,
				BF6F3A5C240999D500F0C3D4 /* Directive.swift */,
				BFD7166E24072CB000BE4A4F /* Enumeration.swift */,
				BF05DC75240BE8D6002E1E30 /* EnumerationCase.swift */,
				BF8FCB24240C3C8300932F20 /* GenericClass.swift */,
				BFD7167224072F2600BE4A4F /* GenericParameter.swift */,
				BF737C542411B6B800A9D28C /* ListClass.swift */,
				BF6F3A58240981F000F0C3D4 /* Macro.swift */,
				BFD7166824072BBB00BE4A4F /* Method.swift */,
				BF049474241050D000BC1C76 /* MethodInstance.swift */,
				BF0BF0692406993800490BAE /* Package.swift */,
				BF6F3A66240AF3F400F0C3D4 /* Parameter.swift */,
				BFE923B6240DA55C001354CB /* PseudoVariable.swift */,
				BF737C522411B62800A9D28C /* SetClass.swift */,
				BF0BF06D24069A1A00490BAE /* Slot.swift */,
				BF0BF063240685A000490BAE /* Symbol.swift */,
				BFD7165E2406FE2900BE4A4F /* ValueClass.swift */,
				BFD7166A24072BD500BE4A4F /* Variable.swift */,
				BF0BF06F24069A6800490BAE /* VirtualSlot.swift */,
			);
			path = Symbols;
			sourceTree = "<group>";
		};
		BFE923B1240DA2DF001354CB /* Blocks */ = {
			isa = PBXGroup;
			children = (
				BF0BF07124069ACE00490BAE /* Block.swift */,
				BF0BF07524069C1500490BAE /* Closure.swift */,
				BF0BF07324069B4D00490BAE /* VirtualSlotBlock.swift */,
				BF0BF07724069CED00490BAE /* VirtualSlotReadBlock.swift */,
				BF0BF07924069D0B00490BAE /* VirtualSlotWriteBlock.swift */,
			);
			path = Blocks;
			sourceTree = "<group>";
		};
		BFE923B2240DA2FD001354CB /* Miscellaneous */ = {
			isa = PBXGroup;
			children = (
				BFD7166224070C7000BE4A4F /* Parsing.swift */,
				BF0BF061240684E300490BAE /* Parser.swift */,
				BF9A4E922405C13D000DF374 /* ValueBox.swift */,
				BFD716662407287F00BE4A4F /* AccessModifier.swift */,
				BFA276BA240EEBB7001DAACE /* Tuple.swift */,
				BFDDD86C240F9EF900604A58 /* Argument.swift */,
			);
			path = Miscellaneous;
			sourceTree = "<group>";
		};
		BFE923B3240DA318001354CB /* Statements */ = {
			isa = PBXGroup;
			children = (
				BF04946724101DFD00BC1C76 /* BlockStatement.swift */,
				BF04946924101EAA00BC1C76 /* Clauses */,
				BFDDD878240FAB5400604A58 /* DoStatement.swift */,
				BFDDD874240FAB1700604A58 /* ForStatement.swift */,
				BFDDD880240FABF300604A58 /* HandlerStatement.swift */,
				BFDDD87C240FAB9600604A58 /* IfStatement.swift */,
				BF0BF07B24069DCC00490BAE /* ParseNode.swift */,
				BFDDD872240FAAF900604A58 /* ReturnStatement.swift */,
				BFDDD882240FAC5D00604A58 /* RunStatement.swift */,
				BFDDD876240FAB3600604A58 /* SelectStatement.swift */,
				BFDDD87E240FABD000604A58 /* SignalStatement.swift */,
				BF0BF07D24069DF500490BAE /* Statement.swift */,
				BFDDD87A240FAB7800604A58 /* TimesStatement.swift */,
				BFDDD870240FAAA700604A58 /* WhileStatement.swift */,
			);
			path = Statements;
			sourceTree = "<group>";
		};
		BFE923B4240DA334001354CB /* Scopes */ = {
			isa = PBXGroup;
			children = (
				BFD7165C2406E16300BE4A4F /* Scope.swift */,
				BF6F3A5A240982C200F0C3D4 /* LocalScope.swift */,
			);
			path = Scopes;
			sourceTree = "<group>";
		};
		BFE923B5240DA344001354CB /* Expressions */ = {
			isa = PBXGroup;
			children = (
				BFDDD86E240FA08900604A58 /* ClosureValueExpression.swift */,
				BFE923B8240DB9DE001354CB /* ConstantValueExpression.swift */,
				BF6F3A642409CADD00F0C3D4 /* Expression.swift */,
				BF05DC77240BEDE1002E1E30 /* LiteralExpression.swift */,
				BFA276B8240ECE9C001DAACE /* NilExpression.swift */,
				BFE923BC240DC307001354CB /* SymbolValueExpression.swift */,
				BFE923BA240DC102001354CB /* ValueExpression.swift */,
				BF04947024102F1D00BC1C76 /* BinaryExpression.swift */,
				BF0494722410318400BC1C76 /* UnaryExpression.swift */,
				BF049476241052FC00BC1C76 /* InvocationExpression.swift */,
			);
			path = Expressions;
			sourceTree = "<group>";
		};
/* End PBXGroup section */

/* Begin PBXNativeTarget section */
		BF9A4E6B2405986E000DF374 /* CobaltX */ = {
			isa = PBXNativeTarget;
			buildConfigurationList = BF9A4E8124059870000DF374 /* Build configuration list for PBXNativeTarget "CobaltX" */;
			buildPhases = (
				BF9A4E682405986E000DF374 /* Sources */,
				BF9A4E692405986E000DF374 /* Frameworks */,
				BF9A4E6A2405986E000DF374 /* Resources */,
			);
			buildRules = (
			);
			dependencies = (
			);
			name = CobaltX;
			productName = CobaltX;
			productReference = BF9A4E6C2405986E000DF374 /* CobaltX.app */;
			productType = "com.apple.product-type.application";
		};
/* End PBXNativeTarget section */

/* Begin PBXProject section */
		BF9A4E642405986E000DF374 /* Project object */ = {
			isa = PBXProject;
			attributes = {
				LastSwiftUpdateCheck = 1130;
				LastUpgradeCheck = 1130;
				ORGANIZATIONNAME = "Vincent Coetzee";
				TargetAttributes = {
					BF9A4E6B2405986E000DF374 = {
						CreatedOnToolsVersion = 11.3.1;
					};
				};
			};
			buildConfigurationList = BF9A4E672405986E000DF374 /* Build configuration list for PBXProject "CobaltX" */;
			compatibilityVersion = "Xcode 9.3";
			developmentRegion = en;
			hasScannedForEncodings = 0;
			knownRegions = (
				en,
				Base,
			);
			mainGroup = BF9A4E632405986E000DF374;
			productRefGroup = BF9A4E6D2405986E000DF374 /* Products */;
			projectDirPath = "";
			projectRoot = "";
			targets = (
				BF9A4E6B2405986E000DF374 /* CobaltX */,
			);
		};
/* End PBXProject section */

/* Begin PBXResourcesBuildPhase section */
		BF9A4E6A2405986E000DF374 /* Resources */ = {
			isa = PBXResourcesBuildPhase;
			buildActionMask = 2147483647;
			files = (
				BF9A4E7C24059870000DF374 /* Main.storyboard in Resources */,
				BF9A4E7924059870000DF374 /* Preview Assets.xcassets in Resources */,
				BFD7167524083DB500BE4A4F /* Sample.cobalt in Resources */,
				BF9A4E7624059870000DF374 /* Assets.xcassets in Resources */,
			);
			runOnlyForDeploymentPostprocessing = 0;
		};
/* End PBXResourcesBuildPhase section */

/* Begin PBXSourcesBuildPhase section */
		BF9A4E682405986E000DF374 /* Sources */ = {
			isa = PBXSourcesBuildPhase;
			buildActionMask = 2147483647;
			files = (
				BFDDD879240FAB5400604A58 /* DoStatement.swift in Sources */,
				BFD7167124072CDF00BE4A4F /* Alias.swift in Sources */,
				BF04946D24101ED400BC1C76 /* WhenClause.swift in Sources */,
				BFDDD86F240FA08900604A58 /* ClosureValueExpression.swift in Sources */,
				BF04946824101DFD00BC1C76 /* BlockStatement.swift in Sources */,
				BF9A4E722405986E000DF374 /* Document.swift in Sources */,
				BFE923AF240D48FD001354CB /* Name.swift in Sources */,
				BFD7166324070C7000BE4A4F /* Parsing.swift in Sources */,
				BF0BF07624069C1500490BAE /* Closure.swift in Sources */,
				BF04946B24101EBC00BC1C76 /* Clause.swift in Sources */,
				BFD7166B24072BD500BE4A4F /* Variable.swift in Sources */,
				BFE923B9240DB9DE001354CB /* ConstantValueExpression.swift in Sources */,
				BFDDD877240FAB3600604A58 /* SelectStatement.swift in Sources */,
				BF6F3A652409CADD00F0C3D4 /* Expression.swift in Sources */,
				BF6F3A5B240982C200F0C3D4 /* LocalScope.swift in Sources */,
				BF05DC76240BE8D6002E1E30 /* EnumerationCase.swift in Sources */,
				BF0494732410318400BC1C76 /* UnaryExpression.swift in Sources */,
				BF0BF066240687E600490BAE /* ContainerSymbol.swift in Sources */,
				BF04946F24101EF100BC1C76 /* OtherwiseClause.swift in Sources */,
				BFE923BB240DC102001354CB /* ValueExpression.swift in Sources */,
				BF05DC78240BEDE1002E1E30 /* LiteralExpression.swift in Sources */,
				BFA276B9240ECE9C001DAACE /* NilExpression.swift in Sources */,
				BFDDD873240FAAF900604A58 /* ReturnStatement.swift in Sources */,
				BF0BF0602406668900490BAE /* Stack.swift in Sources */,
				BF737C552411B6B800A9D28C /* ListClass.swift in Sources */,
				BF0BF06C2406996D00490BAE /* Class.swift in Sources */,
				BFDDD87D240FAB9600604A58 /* IfStatement.swift in Sources */,
				BFDDD86D240F9EF900604A58 /* Argument.swift in Sources */,
				BFD716672407287F00BE4A4F /* AccessModifier.swift in Sources */,
				BF6F3A632409C00200F0C3D4 /* ConstantSlot.swift in Sources */,
				BFD7166F24072CB000BE4A4F /* Enumeration.swift in Sources */,
				BFDDD871240FAAA700604A58 /* WhileStatement.swift in Sources */,
				BF0BF07A24069D0B00490BAE /* VirtualSlotWriteBlock.swift in Sources */,
				BF737C512411A1C700A9D28C /* ArrayClass.swift in Sources */,
				BF0BF062240684E300490BAE /* Parser.swift in Sources */,
				BF737C592411B71D00A9D28C /* BitSetClass.swift in Sources */,
				BF8FCB23240C351A00932F20 /* Array+Extensions.swift in Sources */,
				BF0BF07C24069DCC00490BAE /* ParseNode.swift in Sources */,
				BF737C532411B62800A9D28C /* SetClass.swift in Sources */,
				BF9A4E702405986E000DF374 /* AppDelegate.swift in Sources */,
				BFE923B7240DA55C001354CB /* PseudoVariable.swift in Sources */,
				BFE923BD240DC307001354CB /* SymbolValueExpression.swift in Sources */,
				BF9A4E882405996D000DF374 /* SourceLocation.swift in Sources */,
				BF0BF06E24069A1A00490BAE /* Slot.swift in Sources */,
				BF049477241052FC00BC1C76 /* InvocationExpression.swift in Sources */,
				BFDDD87F240FABD000604A58 /* SignalStatement.swift in Sources */,
				BFDDD883240FAC5D00604A58 /* RunStatement.swift in Sources */,
				BFDDD881240FABF300604A58 /* HandlerStatement.swift in Sources */,
				BF6F3A5D240999D500F0C3D4 /* Directive.swift in Sources */,
				BF6F3A59240981F000F0C3D4 /* Macro.swift in Sources */,
				BF049475241050D000BC1C76 /* MethodInstance.swift in Sources */,
				BF9A4E742405986E000DF374 /* ContentView.swift in Sources */,
				BFDDD875240FAB1700604A58 /* ForStatement.swift in Sources */,
				BF04947124102F1D00BC1C76 /* BinaryExpression.swift in Sources */,
				BFDDD87B240FAB7800604A58 /* TimesStatement.swift in Sources */,
				BF8FCB25240C3C8300932F20 /* GenericClass.swift in Sources */,
				BF0BF064240685A000490BAE /* Symbol.swift in Sources */,
				BF0BF07424069B4D00490BAE /* VirtualSlotBlock.swift in Sources */,
				BFD7165F2406FE2900BE4A4F /* ValueClass.swift in Sources */,
				BF9A4E8624059929000DF374 /* Token.swift in Sources */,
				BF737C572411B6F000A9D28C /* DictionaryClass.swift in Sources */,
				BFD7166D24072BF000BE4A4F /* Constant.swift in Sources */,
				BF0BF07E24069DF500490BAE /* Statement.swift in Sources */,
				BFD7166924072BBB00BE4A4F /* Method.swift in Sources */,
				BF0BF06A2406993800490BAE /* Package.swift in Sources */,
				BF0BF07824069CED00490BAE /* VirtualSlotReadBlock.swift in Sources */,
				BF9A4E932405C13D000DF374 /* ValueBox.swift in Sources */,
				BF0BF05D2406664E00490BAE /* TokenStream.swift in Sources */,
				BF6F3A612409AFD400F0C3D4 /* SourceReference.swift in Sources */,
				BF0BF07224069ACE00490BAE /* Block.swift in Sources */,
				BFD7167324072F2600BE4A4F /* GenericParameter.swift in Sources */,
				BF6F3A5F2409AA1200F0C3D4 /* CobaltPackage.swift in Sources */,
				BF9A4E952405C17C000DF374 /* Cobalt.swift in Sources */,
				BF0BF07024069A6800490BAE /* VirtualSlot.swift in Sources */,
				BFD7165D2406E16300BE4A4F /* Scope.swift in Sources */,
				BFA276BB240EEBB7001DAACE /* Tuple.swift in Sources */,
				BFD716652407122F00BE4A4F /* CompilerError.swift in Sources */,
				BF6F3A67240AF3F400F0C3D4 /* Parameter.swift in Sources */,
			);
			runOnlyForDeploymentPostprocessing = 0;
		};
/* End PBXSourcesBuildPhase section */

/* Begin PBXVariantGroup section */
		BF9A4E7A24059870000DF374 /* Main.storyboard */ = {
			isa = PBXVariantGroup;
			children = (
				BF9A4E7B24059870000DF374 /* Base */,
			);
			name = Main.storyboard;
			sourceTree = "<group>";
		};
/* End PBXVariantGroup section */

/* Begin XCBuildConfiguration section */
		BF9A4E7F24059870000DF374 /* Debug */ = {
			isa = XCBuildConfiguration;
			buildSettings = {
				ALWAYS_SEARCH_USER_PATHS = NO;
				CLANG_ANALYZER_NONNULL = YES;
				CLANG_ANALYZER_NUMBER_OBJECT_CONVERSION = YES_AGGRESSIVE;
				CLANG_CXX_LANGUAGE_STANDARD = "gnu++14";
				CLANG_CXX_LIBRARY = "libc++";
				CLANG_ENABLE_MODULES = YES;
				CLANG_ENABLE_OBJC_ARC = YES;
				CLANG_ENABLE_OBJC_WEAK = YES;
				CLANG_WARN_BLOCK_CAPTURE_AUTORELEASING = YES;
				CLANG_WARN_BOOL_CONVERSION = YES;
				CLANG_WARN_COMMA = YES;
				CLANG_WARN_CONSTANT_CONVERSION = YES;
				CLANG_WARN_DEPRECATED_OBJC_IMPLEMENTATIONS = YES;
				CLANG_WARN_DIRECT_OBJC_ISA_USAGE = YES_ERROR;
				CLANG_WARN_DOCUMENTATION_COMMENTS = YES;
				CLANG_WARN_EMPTY_BODY = YES;
				CLANG_WARN_ENUM_CONVERSION = YES;
				CLANG_WARN_INFINITE_RECURSION = YES;
				CLANG_WARN_INT_CONVERSION = YES;
				CLANG_WARN_NON_LITERAL_NULL_CONVERSION = YES;
				CLANG_WARN_OBJC_IMPLICIT_RETAIN_SELF = YES;
				CLANG_WARN_OBJC_LITERAL_CONVERSION = YES;
				CLANG_WARN_OBJC_ROOT_CLASS = YES_ERROR;
				CLANG_WARN_RANGE_LOOP_ANALYSIS = YES;
				CLANG_WARN_STRICT_PROTOTYPES = YES;
				CLANG_WARN_SUSPICIOUS_MOVE = YES;
				CLANG_WARN_UNGUARDED_AVAILABILITY = YES_AGGRESSIVE;
				CLANG_WARN_UNREACHABLE_CODE = YES;
				CLANG_WARN__DUPLICATE_METHOD_MATCH = YES;
				COPY_PHASE_STRIP = NO;
				DEBUG_INFORMATION_FORMAT = dwarf;
				ENABLE_STRICT_OBJC_MSGSEND = YES;
				ENABLE_TESTABILITY = YES;
				GCC_C_LANGUAGE_STANDARD = gnu11;
				GCC_DYNAMIC_NO_PIC = NO;
				GCC_NO_COMMON_BLOCKS = YES;
				GCC_OPTIMIZATION_LEVEL = 0;
				GCC_PREPROCESSOR_DEFINITIONS = (
					"DEBUG=1",
					"$(inherited)",
				);
				GCC_WARN_64_TO_32_BIT_CONVERSION = YES;
				GCC_WARN_ABOUT_RETURN_TYPE = YES_ERROR;
				GCC_WARN_UNDECLARED_SELECTOR = YES;
				GCC_WARN_UNINITIALIZED_AUTOS = YES_AGGRESSIVE;
				GCC_WARN_UNUSED_FUNCTION = YES;
				GCC_WARN_UNUSED_VARIABLE = YES;
				MACOSX_DEPLOYMENT_TARGET = 10.15;
				MTL_ENABLE_DEBUG_INFO = INCLUDE_SOURCE;
				MTL_FAST_MATH = YES;
				ONLY_ACTIVE_ARCH = YES;
				SDKROOT = macosx;
				SWIFT_ACTIVE_COMPILATION_CONDITIONS = DEBUG;
				SWIFT_OPTIMIZATION_LEVEL = "-Onone";
			};
			name = Debug;
		};
		BF9A4E8024059870000DF374 /* Release */ = {
			isa = XCBuildConfiguration;
			buildSettings = {
				ALWAYS_SEARCH_USER_PATHS = NO;
				CLANG_ANALYZER_NONNULL = YES;
				CLANG_ANALYZER_NUMBER_OBJECT_CONVERSION = YES_AGGRESSIVE;
				CLANG_CXX_LANGUAGE_STANDARD = "gnu++14";
				CLANG_CXX_LIBRARY = "libc++";
				CLANG_ENABLE_MODULES = YES;
				CLANG_ENABLE_OBJC_ARC = YES;
				CLANG_ENABLE_OBJC_WEAK = YES;
				CLANG_WARN_BLOCK_CAPTURE_AUTORELEASING = YES;
				CLANG_WARN_BOOL_CONVERSION = YES;
				CLANG_WARN_COMMA = YES;
				CLANG_WARN_CONSTANT_CONVERSION = YES;
				CLANG_WARN_DEPRECATED_OBJC_IMPLEMENTATIONS = YES;
				CLANG_WARN_DIRECT_OBJC_ISA_USAGE = YES_ERROR;
				CLANG_WARN_DOCUMENTATION_COMMENTS = YES;
				CLANG_WARN_EMPTY_BODY = YES;
				CLANG_WARN_ENUM_CONVERSION = YES;
				CLANG_WARN_INFINITE_RECURSION = YES;
				CLANG_WARN_INT_CONVERSION = YES;
				CLANG_WARN_NON_LITERAL_NULL_CONVERSION = YES;
				CLANG_WARN_OBJC_IMPLICIT_RETAIN_SELF = YES;
				CLANG_WARN_OBJC_LITERAL_CONVERSION = YES;
				CLANG_WARN_OBJC_ROOT_CLASS = YES_ERROR;
				CLANG_WARN_RANGE_LOOP_ANALYSIS = YES;
				CLANG_WARN_STRICT_PROTOTYPES = YES;
				CLANG_WARN_SUSPICIOUS_MOVE = YES;
				CLANG_WARN_UNGUARDED_AVAILABILITY = YES_AGGRESSIVE;
				CLANG_WARN_UNREACHABLE_CODE = YES;
				CLANG_WARN__DUPLICATE_METHOD_MATCH = YES;
				COPY_PHASE_STRIP = NO;
				DEBUG_INFORMATION_FORMAT = "dwarf-with-dsym";
				ENABLE_NS_ASSERTIONS = NO;
				ENABLE_STRICT_OBJC_MSGSEND = YES;
				GCC_C_LANGUAGE_STANDARD = gnu11;
				GCC_NO_COMMON_BLOCKS = YES;
				GCC_WARN_64_TO_32_BIT_CONVERSION = YES;
				GCC_WARN_ABOUT_RETURN_TYPE = YES_ERROR;
				GCC_WARN_UNDECLARED_SELECTOR = YES;
				GCC_WARN_UNINITIALIZED_AUTOS = YES_AGGRESSIVE;
				GCC_WARN_UNUSED_FUNCTION = YES;
				GCC_WARN_UNUSED_VARIABLE = YES;
				MACOSX_DEPLOYMENT_TARGET = 10.15;
				MTL_ENABLE_DEBUG_INFO = NO;
				MTL_FAST_MATH = YES;
				SDKROOT = macosx;
				SWIFT_COMPILATION_MODE = wholemodule;
				SWIFT_OPTIMIZATION_LEVEL = "-O";
			};
			name = Release;
		};
		BF9A4E8224059870000DF374 /* Debug */ = {
			isa = XCBuildConfiguration;
			buildSettings = {
				ASSETCATALOG_COMPILER_APPICON_NAME = AppIcon;
				CODE_SIGN_ENTITLEMENTS = CobaltX/CobaltX.entitlements;
				CODE_SIGN_STYLE = Automatic;
				COMBINE_HIDPI_IMAGES = YES;
				DEVELOPMENT_ASSET_PATHS = "\"CobaltX/Preview Content\"";
				DEVELOPMENT_TEAM = DLH9UBQV34;
				ENABLE_HARDENED_RUNTIME = YES;
				ENABLE_PREVIEWS = YES;
				INFOPLIST_FILE = CobaltX/Info.plist;
				LD_RUNPATH_SEARCH_PATHS = (
					"$(inherited)",
					"@executable_path/../Frameworks",
				);
				MACOSX_DEPLOYMENT_TARGET = 10.15;
				PRODUCT_BUNDLE_IDENTIFIER = com.semantics.CobaltX;
				PRODUCT_NAME = "$(TARGET_NAME)";
				SWIFT_VERSION = 5.0;
			};
			name = Debug;
		};
		BF9A4E8324059870000DF374 /* Release */ = {
			isa = XCBuildConfiguration;
			buildSettings = {
				ASSETCATALOG_COMPILER_APPICON_NAME = AppIcon;
				CODE_SIGN_ENTITLEMENTS = CobaltX/CobaltX.entitlements;
				CODE_SIGN_STYLE = Automatic;
				COMBINE_HIDPI_IMAGES = YES;
				DEVELOPMENT_ASSET_PATHS = "\"CobaltX/Preview Content\"";
				DEVELOPMENT_TEAM = DLH9UBQV34;
				ENABLE_HARDENED_RUNTIME = YES;
				ENABLE_PREVIEWS = YES;
				INFOPLIST_FILE = CobaltX/Info.plist;
				LD_RUNPATH_SEARCH_PATHS = (
					"$(inherited)",
					"@executable_path/../Frameworks",
				);
				MACOSX_DEPLOYMENT_TARGET = 10.15;
				PRODUCT_BUNDLE_IDENTIFIER = com.semantics.CobaltX;
				PRODUCT_NAME = "$(TARGET_NAME)";
				SWIFT_VERSION = 5.0;
			};
			name = Release;
		};
/* End XCBuildConfiguration section */

/* Begin XCConfigurationList section */
		BF9A4E672405986E000DF374 /* Build configuration list for PBXProject "CobaltX" */ = {
			isa = XCConfigurationList;
			buildConfigurations = (
				BF9A4E7F24059870000DF374 /* Debug */,
				BF9A4E8024059870000DF374 /* Release */,
			);
			defaultConfigurationIsVisible = 0;
			defaultConfigurationName = Release;
		};
		BF9A4E8124059870000DF374 /* Build configuration list for PBXNativeTarget "CobaltX" */ = {
			isa = XCConfigurationList;
			buildConfigurations = (
				BF9A4E8224059870000DF374 /* Debug */,
				BF9A4E8324059870000DF374 /* Release */,
			);
			defaultConfigurationIsVisible = 0;
			defaultConfigurationName = Release;
		};
/* End XCConfigurationList section */
	};
	rootObject = BF9A4E642405986E000DF374 /* Project object */;
}
